// !$*UTF8*$!
{
	archiveVersion = 1;
	classes = {
	};
	objectVersion = 46;
	objects = {

/* Begin PBXBuildFile section */
		83CE93BD19D3E1DE00794E8D /* AppDelegate.swift in Sources */ = {isa = PBXBuildFile; fileRef = 83CE93BC19D3E1DE00794E8D /* AppDelegate.swift */; };
		83CE93C419D3E1DE00794E8D /* Images.xcassets in Resources */ = {isa = PBXBuildFile; fileRef = 83CE93C319D3E1DE00794E8D /* Images.xcassets */; };
		83CE93C719D3E1DE00794E8D /* LaunchScreen.xib in Resources */ = {isa = PBXBuildFile; fileRef = 83CE93C519D3E1DE00794E8D /* LaunchScreen.xib */; };
		83CE93D319D3E1DE00794E8D /* HarkTests.swift in Sources */ = {isa = PBXBuildFile; fileRef = 83CE93D219D3E1DE00794E8D /* HarkTests.swift */; };
		83CE93DD19D3E33100794E8D /* UIColor+Hex.swift in Sources */ = {isa = PBXBuildFile; fileRef = 83CE93DC19D3E33100794E8D /* UIColor+Hex.swift */; };
		83CE93DF19D3E7AB00794E8D /* TextViewController.swift in Sources */ = {isa = PBXBuildFile; fileRef = 83CE93DE19D3E7AA00794E8D /* TextViewController.swift */; };
		83CE93E119D3EDB700794E8D /* UIView+AutoLayout.swift in Sources */ = {isa = PBXBuildFile; fileRef = 83CE93E019D3EDB700794E8D /* UIView+AutoLayout.swift */; };
		83CE93E319D3F49C00794E8D /* SpeechEngine.swift in Sources */ = {isa = PBXBuildFile; fileRef = 83CE93E219D3F49C00794E8D /* SpeechEngine.swift */; };
/* End PBXBuildFile section */

/* Begin PBXContainerItemProxy section */
		83CE93CD19D3E1DE00794E8D /* PBXContainerItemProxy */ = {
			isa = PBXContainerItemProxy;
			containerPortal = 83CE93AF19D3E1DE00794E8D /* Project object */;
			proxyType = 1;
			remoteGlobalIDString = 83CE93B619D3E1DE00794E8D;
			remoteInfo = Hark;
		};
/* End PBXContainerItemProxy section */

/* Begin PBXFileReference section */
		83CE93B719D3E1DE00794E8D /* Hark.app */ = {isa = PBXFileReference; explicitFileType = wrapper.application; includeInIndex = 0; path = Hark.app; sourceTree = BUILT_PRODUCTS_DIR; };
		83CE93BB19D3E1DE00794E8D /* Info.plist */ = {isa = PBXFileReference; lastKnownFileType = text.plist.xml; path = Info.plist; sourceTree = "<group>"; };
		83CE93BC19D3E1DE00794E8D /* AppDelegate.swift */ = {isa = PBXFileReference; lastKnownFileType = sourcecode.swift; path = AppDelegate.swift; sourceTree = "<group>"; };
		83CE93C319D3E1DE00794E8D /* Images.xcassets */ = {isa = PBXFileReference; lastKnownFileType = folder.assetcatalog; path = Images.xcassets; sourceTree = "<group>"; };
		83CE93C619D3E1DE00794E8D /* Base */ = {isa = PBXFileReference; lastKnownFileType = file.xib; name = Base; path = Base.lproj/LaunchScreen.xib; sourceTree = "<group>"; };
		83CE93CC19D3E1DE00794E8D /* HarkTests.xctest */ = {isa = PBXFileReference; explicitFileType = wrapper.cfbundle; includeInIndex = 0; path = HarkTests.xctest; sourceTree = BUILT_PRODUCTS_DIR; };
		83CE93D119D3E1DE00794E8D /* Info.plist */ = {isa = PBXFileReference; lastKnownFileType = text.plist.xml; path = Info.plist; sourceTree = "<group>"; };
		83CE93D219D3E1DE00794E8D /* HarkTests.swift */ = {isa = PBXFileReference; lastKnownFileType = sourcecode.swift; path = HarkTests.swift; sourceTree = "<group>"; };
		83CE93DC19D3E33100794E8D /* UIColor+Hex.swift */ = {isa = PBXFileReference; fileEncoding = 4; lastKnownFileType = sourcecode.swift; path = "UIColor+Hex.swift"; sourceTree = "<group>"; };
		83CE93DE19D3E7AA00794E8D /* TextViewController.swift */ = {isa = PBXFileReference; fileEncoding = 4; lastKnownFileType = sourcecode.swift; path = TextViewController.swift; sourceTree = "<group>"; };
		83CE93E019D3EDB700794E8D /* UIView+AutoLayout.swift */ = {isa = PBXFileReference; fileEncoding = 4; lastKnownFileType = sourcecode.swift; path = "UIView+AutoLayout.swift"; sourceTree = "<group>"; };
		83CE93E219D3F49C00794E8D /* SpeechEngine.swift */ = {isa = PBXFileReference; fileEncoding = 4; lastKnownFileType = sourcecode.swift; path = SpeechEngine.swift; sourceTree = "<group>"; };
/* End PBXFileReference section */

/* Begin PBXFrameworksBuildPhase section */
		83CE93B419D3E1DE00794E8D /* Frameworks */ = {
			isa = PBXFrameworksBuildPhase;
			buildActionMask = 2147483647;
			files = (
			);
			runOnlyForDeploymentPostprocessing = 0;
		};
		83CE93C919D3E1DE00794E8D /* Frameworks */ = {
			isa = PBXFrameworksBuildPhase;
			buildActionMask = 2147483647;
			files = (
			);
			runOnlyForDeploymentPostprocessing = 0;
		};
/* End PBXFrameworksBuildPhase section */

/* Begin PBXGroup section */
		83CE93AE19D3E1DE00794E8D = {
			isa = PBXGroup;
			children = (
				83CE93B919D3E1DE00794E8D /* Hark */,
				83CE93CF19D3E1DE00794E8D /* HarkTests */,
				83CE93B819D3E1DE00794E8D /* Products */,
			);
			sourceTree = "<group>";
		};
		83CE93B819D3E1DE00794E8D /* Products */ = {
			isa = PBXGroup;
			children = (
				83CE93B719D3E1DE00794E8D /* Hark.app */,
				83CE93CC19D3E1DE00794E8D /* HarkTests.xctest */,
			);
			name = Products;
			sourceTree = "<group>";
		};
		83CE93B919D3E1DE00794E8D /* Hark */ = {
			isa = PBXGroup;
			children = (
				83CE93BC19D3E1DE00794E8D /* AppDelegate.swift */,
				83CE93DE19D3E7AA00794E8D /* TextViewController.swift */,
				83CE93E219D3F49C00794E8D /* SpeechEngine.swift */,
				83CE93DC19D3E33100794E8D /* UIColor+Hex.swift */,
				83CE93E019D3EDB700794E8D /* UIView+AutoLayout.swift */,
				83CE93C319D3E1DE00794E8D /* Images.xcassets */,
				83CE93C519D3E1DE00794E8D /* LaunchScreen.xib */,
				83CE93BA19D3E1DE00794E8D /* Supporting Files */,
			);
			path = Hark;
			sourceTree = "<group>";
		};
		83CE93BA19D3E1DE00794E8D /* Supporting Files */ = {
			isa = PBXGroup;
			children = (
				83CE93BB19D3E1DE00794E8D /* Info.plist */,
			);
			name = "Supporting Files";
			sourceTree = "<group>";
		};
		83CE93CF19D3E1DE00794E8D /* HarkTests */ = {
			isa = PBXGroup;
			children = (
				83CE93D219D3E1DE00794E8D /* HarkTests.swift */,
				83CE93D019D3E1DE00794E8D /* Supporting Files */,
			);
			path = HarkTests;
			sourceTree = "<group>";
		};
		83CE93D019D3E1DE00794E8D /* Supporting Files */ = {
			isa = PBXGroup;
			children = (
				83CE93D119D3E1DE00794E8D /* Info.plist */,
			);
			name = "Supporting Files";
			sourceTree = "<group>";
		};
/* End PBXGroup section */

/* Begin PBXNativeTarget section */
		83CE93B619D3E1DE00794E8D /* Hark */ = {
			isa = PBXNativeTarget;
			buildConfigurationList = 83CE93D619D3E1DE00794E8D /* Build configuration list for PBXNativeTarget "Hark" */;
			buildPhases = (
				83CE93B319D3E1DE00794E8D /* Sources */,
				83CE93B419D3E1DE00794E8D /* Frameworks */,
				83CE93B519D3E1DE00794E8D /* Resources */,
			);
			buildRules = (
			);
			dependencies = (
			);
			name = Hark;
			productName = Hark;
			productReference = 83CE93B719D3E1DE00794E8D /* Hark.app */;
			productType = "com.apple.product-type.application";
		};
		83CE93CB19D3E1DE00794E8D /* HarkTests */ = {
			isa = PBXNativeTarget;
			buildConfigurationList = 83CE93D919D3E1DE00794E8D /* Build configuration list for PBXNativeTarget "HarkTests" */;
			buildPhases = (
				83CE93C819D3E1DE00794E8D /* Sources */,
				83CE93C919D3E1DE00794E8D /* Frameworks */,
				83CE93CA19D3E1DE00794E8D /* Resources */,
			);
			buildRules = (
			);
			dependencies = (
				83CE93CE19D3E1DE00794E8D /* PBXTargetDependency */,
			);
			name = HarkTests;
			productName = HarkTests;
			productReference = 83CE93CC19D3E1DE00794E8D /* HarkTests.xctest */;
			productType = "com.apple.product-type.bundle.unit-test";
		};
/* End PBXNativeTarget section */

/* Begin PBXProject section */
		83CE93AF19D3E1DE00794E8D /* Project object */ = {
			isa = PBXProject;
			attributes = {
				LastUpgradeCheck = 0600;
				ORGANIZATIONNAME = "David Keegan";
				TargetAttributes = {
					83CE93B619D3E1DE00794E8D = {
						CreatedOnToolsVersion = 6.0;
					};
					83CE93CB19D3E1DE00794E8D = {
						CreatedOnToolsVersion = 6.0;
						TestTargetID = 83CE93B619D3E1DE00794E8D;
					};
				};
			};
			buildConfigurationList = 83CE93B219D3E1DE00794E8D /* Build configuration list for PBXProject "Hark" */;
			compatibilityVersion = "Xcode 3.2";
			developmentRegion = English;
			hasScannedForEncodings = 0;
			knownRegions = (
				en,
				Base,
			);
			mainGroup = 83CE93AE19D3E1DE00794E8D;
			productRefGroup = 83CE93B819D3E1DE00794E8D /* Products */;
			projectDirPath = "";
			projectRoot = "";
			targets = (
				83CE93B619D3E1DE00794E8D /* Hark */,
				83CE93CB19D3E1DE00794E8D /* HarkTests */,
			);
		};
/* End PBXProject section */

/* Begin PBXResourcesBuildPhase section */
		83CE93B519D3E1DE00794E8D /* Resources */ = {
			isa = PBXResourcesBuildPhase;
			buildActionMask = 2147483647;
			files = (
				83CE93C719D3E1DE00794E8D /* LaunchScreen.xib in Resources */,
				83CE93C419D3E1DE00794E8D /* Images.xcassets in Resources */,
			);
			runOnlyForDeploymentPostprocessing = 0;
		};
		83CE93CA19D3E1DE00794E8D /* Resources */ = {
			isa = PBXResourcesBuildPhase;
			buildActionMask = 2147483647;
			files = (
			);
			runOnlyForDeploymentPostprocessing = 0;
		};
/* End PBXResourcesBuildPhase section */

/* Begin PBXSourcesBuildPhase section */
		83CE93B319D3E1DE00794E8D /* Sources */ = {
			isa = PBXSourcesBuildPhase;
			buildActionMask = 2147483647;
			files = (
				83CE93E119D3EDB700794E8D /* UIView+AutoLayout.swift in Sources */,
				83CE93BD19D3E1DE00794E8D /* AppDelegate.swift in Sources */,
				83CE93DD19D3E33100794E8D /* UIColor+Hex.swift in Sources */,
				83CE93DF19D3E7AB00794E8D /* TextViewController.swift in Sources */,
				83CE93E319D3F49C00794E8D /* SpeechEngine.swift in Sources */,
			);
			runOnlyForDeploymentPostprocessing = 0;
		};
		83CE93C819D3E1DE00794E8D /* Sources */ = {
			isa = PBXSourcesBuildPhase;
			buildActionMask = 2147483647;
			files = (
				83CE93D319D3E1DE00794E8D /* HarkTests.swift in Sources */,
			);
			runOnlyForDeploymentPostprocessing = 0;
		};
/* End PBXSourcesBuildPhase section */

/* Begin PBXTargetDependency section */
		83CE93CE19D3E1DE00794E8D /* PBXTargetDependency */ = {
			isa = PBXTargetDependency;
			target = 83CE93B619D3E1DE00794E8D /* Hark */;
			targetProxy = 83CE93CD19D3E1DE00794E8D /* PBXContainerItemProxy */;
		};
/* End PBXTargetDependency section */

/* Begin PBXVariantGroup section */
		83CE93C519D3E1DE00794E8D /* LaunchScreen.xib */ = {
			isa = PBXVariantGroup;
			children = (
				83CE93C619D3E1DE00794E8D /* Base */,
			);
			name = LaunchScreen.xib;
			sourceTree = "<group>";
		};
/* End PBXVariantGroup section */

/* Begin XCBuildConfiguration section */
		83CE93D419D3E1DE00794E8D /* Debug */ = {
			isa = XCBuildConfiguration;
			buildSettings = {
				ALWAYS_SEARCH_USER_PATHS = NO;
				CLANG_CXX_LANGUAGE_STANDARD = "gnu++0x";
				CLANG_CXX_LIBRARY = "libc++";
				CLANG_ENABLE_MODULES = YES;
				CLANG_ENABLE_OBJC_ARC = YES;
				CLANG_WARN_BOOL_CONVERSION = YES;
				CLANG_WARN_CONSTANT_CONVERSION = YES;
				CLANG_WARN_DIRECT_OBJC_ISA_USAGE = YES_ERROR;
				CLANG_WARN_EMPTY_BODY = YES;
				CLANG_WARN_ENUM_CONVERSION = YES;
				CLANG_WARN_INT_CONVERSION = YES;
				CLANG_WARN_OBJC_ROOT_CLASS = YES_ERROR;
				CLANG_WARN_UNREACHABLE_CODE = YES;
				CLANG_WARN__DUPLICATE_METHOD_MATCH = YES;
				"CODE_SIGN_IDENTITY[sdk=iphoneos*]" = "iPhone Developer";
				COPY_PHASE_STRIP = NO;
				ENABLE_STRICT_OBJC_MSGSEND = YES;
				GCC_C_LANGUAGE_STANDARD = gnu99;
				GCC_DYNAMIC_NO_PIC = NO;
				GCC_OPTIMIZATION_LEVEL = 0;
				GCC_PREPROCESSOR_DEFINITIONS = (
					"DEBUG=1",
					"$(inherited)",
				);
				GCC_SYMBOLS_PRIVATE_EXTERN = NO;
				GCC_WARN_64_TO_32_BIT_CONVERSION = YES;
				GCC_WARN_ABOUT_RETURN_TYPE = YES_ERROR;
				GCC_WARN_UNDECLARED_SELECTOR = YES;
				GCC_WARN_UNINITIALIZED_AUTOS = YES_AGGRESSIVE;
				GCC_WARN_UNUSED_FUNCTION = YES;
				GCC_WARN_UNUSED_VARIABLE = YES;
				IPHONEOS_DEPLOYMENT_TARGET = 8.0;
				MTL_ENABLE_DEBUG_INFO = YES;
				ONLY_ACTIVE_ARCH = YES;
				SDKROOT = iphoneos;
				SWIFT_OPTIMIZATION_LEVEL = "-Onone";
				TARGETED_DEVICE_FAMILY = "1,2";
			};
			name = Debug;
		};
		83CE93D519D3E1DE00794E8D /* Release */ = {
			isa = XCBuildConfiguration;
			buildSettings = {
				ALWAYS_SEARCH_USER_PATHS = NO;
				CLANG_CXX_LANGUAGE_STANDARD = "gnu++0x";
				CLANG_CXX_LIBRARY = "libc++";
				CLANG_ENABLE_MODULES = YES;
				CLANG_ENABLE_OBJC_ARC = YES;
				CLANG_WARN_BOOL_CONVERSION = YES;
				CLANG_WARN_CONSTANT_CONVERSION = YES;
				CLANG_WARN_DIRECT_OBJC_ISA_USAGE = YES_ERROR;
				CLANG_WARN_EMPTY_BODY = YES;
				CLANG_WARN_ENUM_CONVERSION = YES;
				CLANG_WARN_INT_CONVERSION = YES;
				CLANG_WARN_OBJC_ROOT_CLASS = YES_ERROR;
				CLANG_WARN_UNREACHABLE_CODE = YES;
				CLANG_WARN__DUPLICATE_METHOD_MATCH = YES;
				"CODE_SIGN_IDENTITY[sdk=iphoneos*]" = "iPhone Developer";
				COPY_PHASE_STRIP = YES;
				ENABLE_NS_ASSERTIONS = NO;
				ENABLE_STRICT_OBJC_MSGSEND = YES;
				GCC_C_LANGUAGE_STANDARD = gnu99;
				GCC_WARN_64_TO_32_BIT_CONVERSION = YES;
				GCC_WARN_ABOUT_RETURN_TYPE = YES_ERROR;
				GCC_WARN_UNDECLARED_SELECTOR = YES;
				GCC_WARN_UNINITIALIZED_AUTOS = YES_AGGRESSIVE;
				GCC_WARN_UNUSED_FUNCTION = YES;
				GCC_WARN_UNUSED_VARIABLE = YES;
				IPHONEOS_DEPLOYMENT_TARGET = 8.0;
				MTL_ENABLE_DEBUG_INFO = NO;
				SDKROOT = iphoneos;
				TARGETED_DEVICE_FAMILY = "1,2";
				VALIDATE_PRODUCT = YES;
			};
			name = Release;
		};
		83CE93D719D3E1DE00794E8D /* Debug */ = {
			isa = XCBuildConfiguration;
			buildSettings = {
				ASSETCATALOG_COMPILER_APPICON_NAME = AppIcon;
				INFOPLIST_FILE = Hark/Info.plist;
				LD_RUNPATH_SEARCH_PATHS = "$(inherited) @executable_path/Frameworks";
				PRODUCT_NAME = "$(TARGET_NAME)";
			};
			name = Debug;
		};
		83CE93D819D3E1DE00794E8D /* Release */ = {
			isa = XCBuildConfiguration;
			buildSettings = {
				ASSETCATALOG_COMPILER_APPICON_NAME = AppIcon;
				INFOPLIST_FILE = Hark/Info.plist;
				LD_RUNPATH_SEARCH_PATHS = "$(inherited) @executable_path/Frameworks";
				PRODUCT_NAME = "$(TARGET_NAME)";
			};
			name = Release;
		};
		83CE93DA19D3E1DE00794E8D /* Debug */ = {
			isa = XCBuildConfiguration;
			buildSettings = {
				BUNDLE_LOADER = "$(TEST_HOST)";
				FRAMEWORK_SEARCH_PATHS = (
					"$(SDKROOT)/Developer/Library/Frameworks",
					"$(inherited)",
				);
				GCC_PREPROCESSOR_DEFINITIONS = (
					"DEBUG=1",
					"$(inherited)",
				);
				INFOPLIST_FILE = HarkTests/Info.plist;
				LD_RUNPATH_SEARCH_PATHS = "$(inherited) @executable_path/Frameworks @loader_path/Frameworks";
				PRODUCT_NAME = "$(TARGET_NAME)";
				TEST_HOST = "$(BUILT_PRODUCTS_DIR)/Hark.app/Hark";
			};
			name = Debug;
		};
		83CE93DB19D3E1DE00794E8D /* Release */ = {
			isa = XCBuildConfiguration;
			buildSettings = {
				BUNDLE_LOADER = "$(TEST_HOST)";
				FRAMEWORK_SEARCH_PATHS = (
					"$(SDKROOT)/Developer/Library/Frameworks",
					"$(inherited)",
				);
				INFOPLIST_FILE = HarkTests/Info.plist;
				LD_RUNPATH_SEARCH_PATHS = "$(inherited) @executable_path/Frameworks @loader_path/Frameworks";
				PRODUCT_NAME = "$(TARGET_NAME)";
				TEST_HOST = "$(BUILT_PRODUCTS_DIR)/Hark.app/Hark";
			};
			name = Release;
		};
/* End XCBuildConfiguration section */

/* Begin XCConfigurationList section */
		83CE93B219D3E1DE00794E8D /* Build configuration list for PBXProject "Hark" */ = {
			isa = XCConfigurationList;
			buildConfigurations = (
				83CE93D419D3E1DE00794E8D /* Debug */,
				83CE93D519D3E1DE00794E8D /* Release */,
			);
			defaultConfigurationIsVisible = 0;
			defaultConfigurationName = Release;
		};
		83CE93D619D3E1DE00794E8D /* Build configuration list for PBXNativeTarget "Hark" */ = {
			isa = XCConfigurationList;
			buildConfigurations = (
				83CE93D719D3E1DE00794E8D /* Debug */,
				83CE93D819D3E1DE00794E8D /* Release */,
			);
			defaultConfigurationIsVisible = 0;
		};
		83CE93D919D3E1DE00794E8D /* Build configuration list for PBXNativeTarget "HarkTests" */ = {
			isa = XCConfigurationList;
			buildConfigurations = (
				83CE93DA19D3E1DE00794E8D /* Debug */,
				83CE93DB19D3E1DE00794E8D /* Release */,
			);
			defaultConfigurationIsVisible = 0;
		};
/* End XCConfigurationList section */
	};
	rootObject = 83CE93AF19D3E1DE00794E8D /* Project object */;
}
